
Microsoft Visual Studio Solution File, Format Version 12.00
# Visual Studio 15
VisualStudioVersion = 15.0.28010.2016
MinimumVisualStudioVersion = 10.0.40219.1
Project("{FAE04EC0-301F-11D3-BF4B-00C04F79EFBC}") = "Zisa_finalPrac_Calorie_Counter", "Zisa_finalPrac_Calorie_Counter\Zisa_finalPrac_Calorie_Counter.csproj", "{93DFFF7F-AED8-4A78-9D03-86B1C4F17ECF}"
EndProject
Global
	GlobalSection(SolutionConfigurationPlatforms) = preSolution
		Debug|Any CPU = Debug|Any CPU
		Release|Any CPU = Release|Any CPU
	EndGlobalSection
	GlobalSection(ProjectConfigurationPlatforms) = postSolution
		{93DFFF7F-AED8-4A78-9D03-86B1C4F17ECF}.Debug|Any CPU.ActiveCfg = Debug|Any CPU
		{93DFFF7F-AED8-4A78-9D03-86B1C4F17ECF}.Debug|Any CPU.Build.0 = Debug|Any CPU
		{93DFFF7F-AED8-4A78-9D03-86B1C4F17ECF}.Release|Any CPU.ActiveCfg = Release|Any CPU
		{93DFFF7F-AED8-4A78-9D03-86B1C4F17ECF}.Release|Any CPU.Build.0 = Release|Any CPU
	EndGlobalSection
	GlobalSection(SolutionProperties) = preSolution
		HideSolutionNode = FALSE
	EndGlobalSection
	GlobalSection(ExtensibilityGlobals) = postSolution
		SolutionGuid = {5524FC95-5699-40E3-A9CB-A823E805066C}
	EndGlobalSection
EndGlobal
