
Microsoft Visual Studio Solution File, Format Version 12.00
# Visual Studio 15
VisualStudioVersion = 15.0.28010.2016
MinimumVisualStudioVersion = 10.0.40219.1
Project("{FAE04EC0-301F-11D3-BF4B-00C04F79EFBC}") = "zisa_serendipity_BookClub", "zisa_serendipity_BookClub\zisa_serendipity_BookClub.csproj", "{B55877E0-7124-45B4-96DE-685286D6632D}"
EndProject
Global
	GlobalSection(SolutionConfigurationPlatforms) = preSolution
		Debug|Any CPU = Debug|Any CPU
		Release|Any CPU = Release|Any CPU
	EndGlobalSection
	GlobalSection(ProjectConfigurationPlatforms) = postSolution
		{B55877E0-7124-45B4-96DE-685286D6632D}.Debug|Any CPU.ActiveCfg = Debug|Any CPU
		{B55877E0-7124-45B4-96DE-685286D6632D}.Debug|Any CPU.Build.0 = Debug|Any CPU
		{B55877E0-7124-45B4-96DE-685286D6632D}.Release|Any CPU.ActiveCfg = Release|Any CPU
		{B55877E0-7124-45B4-96DE-685286D6632D}.Release|Any CPU.Build.0 = Release|Any CPU
	EndGlobalSection
	GlobalSection(SolutionProperties) = preSolution
		HideSolutionNode = FALSE
	EndGlobalSection
	GlobalSection(ExtensibilityGlobals) = postSolution
		SolutionGuid = {550451BC-DEFB-4056-94EC-ADC359A66809}
	EndGlobalSection
EndGlobal
