
Microsoft Visual Studio Solution File, Format Version 12.00
# Visual Studio 15
VisualStudioVersion = 15.0.28010.2016
MinimumVisualStudioVersion = 10.0.40219.1
Project("{FAE04EC0-301F-11D3-BF4B-00C04F79EFBC}") = "ZisaMassWeightConverter", "ZisaMassWeightConverter\ZisaMassWeightConverter.csproj", "{E3A198E2-D7D7-4E17-9F24-B376ECB64502}"
EndProject
Global
	GlobalSection(SolutionConfigurationPlatforms) = preSolution
		Debug|Any CPU = Debug|Any CPU
		Release|Any CPU = Release|Any CPU
	EndGlobalSection
	GlobalSection(ProjectConfigurationPlatforms) = postSolution
		{E3A198E2-D7D7-4E17-9F24-B376ECB64502}.Debug|Any CPU.ActiveCfg = Debug|Any CPU
		{E3A198E2-D7D7-4E17-9F24-B376ECB64502}.Debug|Any CPU.Build.0 = Debug|Any CPU
		{E3A198E2-D7D7-4E17-9F24-B376ECB64502}.Release|Any CPU.ActiveCfg = Release|Any CPU
		{E3A198E2-D7D7-4E17-9F24-B376ECB64502}.Release|Any CPU.Build.0 = Release|Any CPU
	EndGlobalSection
	GlobalSection(SolutionProperties) = preSolution
		HideSolutionNode = FALSE
	EndGlobalSection
	GlobalSection(ExtensibilityGlobals) = postSolution
		SolutionGuid = {46D93B06-4E44-4C32-8382-7A7347261FEE}
	EndGlobalSection
EndGlobal
