
Microsoft Visual Studio Solution File, Format Version 12.00
# Visual Studio 15
VisualStudioVersion = 15.0.28010.2016
MinimumVisualStudioVersion = 10.0.40219.1
Project("{FAE04EC0-301F-11D3-BF4B-00C04F79EFBC}") = "Zisa_magic_dates", "Zisa_magic_dates\Zisa_magic_dates.csproj", "{055B1AE9-41EE-4E8E-9E9F-232CDE8B44C0}"
EndProject
Global
	GlobalSection(SolutionConfigurationPlatforms) = preSolution
		Debug|Any CPU = Debug|Any CPU
		Release|Any CPU = Release|Any CPU
	EndGlobalSection
	GlobalSection(ProjectConfigurationPlatforms) = postSolution
		{055B1AE9-41EE-4E8E-9E9F-232CDE8B44C0}.Debug|Any CPU.ActiveCfg = Debug|Any CPU
		{055B1AE9-41EE-4E8E-9E9F-232CDE8B44C0}.Debug|Any CPU.Build.0 = Debug|Any CPU
		{055B1AE9-41EE-4E8E-9E9F-232CDE8B44C0}.Release|Any CPU.ActiveCfg = Release|Any CPU
		{055B1AE9-41EE-4E8E-9E9F-232CDE8B44C0}.Release|Any CPU.Build.0 = Release|Any CPU
	EndGlobalSection
	GlobalSection(SolutionProperties) = preSolution
		HideSolutionNode = FALSE
	EndGlobalSection
	GlobalSection(ExtensibilityGlobals) = postSolution
		SolutionGuid = {8DC3836B-6DDE-4E39-8DDC-3587721F20E8}
	EndGlobalSection
EndGlobal
