
Microsoft Visual Studio Solution File, Format Version 12.00
# Visual Studio 15
VisualStudioVersion = 15.0.28010.2016
MinimumVisualStudioVersion = 10.0.40219.1
Project("{FAE04EC0-301F-11D3-BF4B-00C04F79EFBC}") = "zisa_color_mixer", "zisa_color_mixer\zisa_color_mixer.csproj", "{630B9452-A781-41C5-BB19-01C1F9357767}"
EndProject
Global
	GlobalSection(SolutionConfigurationPlatforms) = preSolution
		Debug|Any CPU = Debug|Any CPU
		Release|Any CPU = Release|Any CPU
	EndGlobalSection
	GlobalSection(ProjectConfigurationPlatforms) = postSolution
		{630B9452-A781-41C5-BB19-01C1F9357767}.Debug|Any CPU.ActiveCfg = Debug|Any CPU
		{630B9452-A781-41C5-BB19-01C1F9357767}.Debug|Any CPU.Build.0 = Debug|Any CPU
		{630B9452-A781-41C5-BB19-01C1F9357767}.Release|Any CPU.ActiveCfg = Release|Any CPU
		{630B9452-A781-41C5-BB19-01C1F9357767}.Release|Any CPU.Build.0 = Release|Any CPU
	EndGlobalSection
	GlobalSection(SolutionProperties) = preSolution
		HideSolutionNode = FALSE
	EndGlobalSection
	GlobalSection(ExtensibilityGlobals) = postSolution
		SolutionGuid = {2472DC7F-B486-4D4F-A8B4-D4A106850659}
	EndGlobalSection
EndGlobal
